// !$*UTF8*$!
{
	archiveVersion = 1;
	classes = {
	};
	objectVersion = 46;
	objects = {

/* Begin PBXBuildFile section */
		55E4AD871D598102009B1EB6 /* main.m in Sources */ = {isa = PBXBuildFile; fileRef = 55E4AD861D598102009B1EB6 /* main.m */; };
		55E4AD8A1D598102009B1EB6 /* AppDelegate.m in Sources */ = {isa = PBXBuildFile; fileRef = 55E4AD891D598102009B1EB6 /* AppDelegate.m */; };
		55E4AD8D1D598102009B1EB6 /* ViewController.m in Sources */ = {isa = PBXBuildFile; fileRef = 55E4AD8C1D598102009B1EB6 /* ViewController.m */; };
		55E4AD901D598102009B1EB6 /* Main.storyboard in Resources */ = {isa = PBXBuildFile; fileRef = 55E4AD8E1D598102009B1EB6 /* Main.storyboard */; };
		55E4AD921D598102009B1EB6 /* Assets.xcassets in Resources */ = {isa = PBXBuildFile; fileRef = 55E4AD911D598102009B1EB6 /* Assets.xcassets */; };
		55E4AD951D598102009B1EB6 /* LaunchScreen.storyboard in Resources */ = {isa = PBXBuildFile; fileRef = 55E4AD931D598102009B1EB6 /* LaunchScreen.storyboard */; };
		55E4ADA01D598102009B1EB6 /* YJYYAdvertisementDemoTests.m in Sources */ = {isa = PBXBuildFile; fileRef = 55E4AD9F1D598102009B1EB6 /* YJYYAdvertisementDemoTests.m */; };
		55E4ADAB1D598102009B1EB6 /* YJYYAdvertisementDemoUITests.m in Sources */ = {isa = PBXBuildFile; fileRef = 55E4ADAA1D598102009B1EB6 /* YJYYAdvertisementDemoUITests.m */; };
		55E4ADBB1D59811B009B1EB6 /* CMAdvertisement.m in Sources */ = {isa = PBXBuildFile; fileRef = 55E4ADBA1D59811B009B1EB6 /* CMAdvertisement.m */; };
		55E4ADBE1D598147009B1EB6 /* YJYYWebViewController.m in Sources */ = {isa = PBXBuildFile; fileRef = 55E4ADBD1D598147009B1EB6 /* YJYYWebViewController.m */; };
		55E4ADC01D59821B009B1EB6 /* ADImage.png in Resources */ = {isa = PBXBuildFile; fileRef = 55E4ADBF1D59821B009B1EB6 /* ADImage.png */; };
/* End PBXBuildFile section */

/* Begin PBXContainerItemProxy section */
		55E4AD9C1D598102009B1EB6 /* PBXContainerItemProxy */ = {
			isa = PBXContainerItemProxy;
			containerPortal = 55E4AD7A1D598102009B1EB6 /* Project object */;
			proxyType = 1;
			remoteGlobalIDString = 55E4AD811D598102009B1EB6;
			remoteInfo = YJYYAdvertisementDemo;
		};
		55E4ADA71D598102009B1EB6 /* PBXContainerItemProxy */ = {
			isa = PBXContainerItemProxy;
			containerPortal = 55E4AD7A1D598102009B1EB6 /* Project object */;
			proxyType = 1;
			remoteGlobalIDString = 55E4AD811D598102009B1EB6;
			remoteInfo = YJYYAdvertisementDemo;
		};
/* End PBXContainerItemProxy section */

/* Begin PBXFileReference section */
		55E4AD821D598102009B1EB6 /* YJYYAdvertisementDemo.app */ = {isa = PBXFileReference; explicitFileType = wrapper.application; includeInIndex = 0; path = YJYYAdvertisementDemo.app; sourceTree = BUILT_PRODUCTS_DIR; };
		55E4AD861D598102009B1EB6 /* main.m */ = {isa = PBXFileReference; lastKnownFileType = sourcecode.c.objc; path = main.m; sourceTree = "<group>"; };
		55E4AD881D598102009B1EB6 /* AppDelegate.h */ = {isa = PBXFileReference; lastKnownFileType = sourcecode.c.h; path = AppDelegate.h; sourceTree = "<group>"; };
		55E4AD891D598102009B1EB6 /* AppDelegate.m */ = {isa = PBXFileReference; lastKnownFileType = sourcecode.c.objc; path = AppDelegate.m; sourceTree = "<group>"; };
		55E4AD8B1D598102009B1EB6 /* ViewController.h */ = {isa = PBXFileReference; lastKnownFileType = sourcecode.c.h; path = ViewController.h; sourceTree = "<group>"; };
		55E4AD8C1D598102009B1EB6 /* ViewController.m */ = {isa = PBXFileReference; lastKnownFileType = sourcecode.c.objc; path = ViewController.m; sourceTree = "<group>"; };
		55E4AD8F1D598102009B1EB6 /* Base */ = {isa = PBXFileReference; lastKnownFileType = file.storyboard; name = Base; path = Base.lproj/Main.storyboard; sourceTree = "<group>"; };
		55E4AD911D598102009B1EB6 /* Assets.xcassets */ = {isa = PBXFileReference; lastKnownFileType = folder.assetcatalog; path = Assets.xcassets; sourceTree = "<group>"; };
		55E4AD941D598102009B1EB6 /* Base */ = {isa = PBXFileReference; lastKnownFileType = file.storyboard; name = Base; path = Base.lproj/LaunchScreen.storyboard; sourceTree = "<group>"; };
		55E4AD961D598102009B1EB6 /* Info.plist */ = {isa = PBXFileReference; lastKnownFileType = text.plist.xml; path = Info.plist; sourceTree = "<group>"; };
		55E4AD9B1D598102009B1EB6 /* YJYYAdvertisementDemoTests.xctest */ = {isa = PBXFileReference; explicitFileType = wrapper.cfbundle; includeInIndex = 0; path = YJYYAdvertisementDemoTests.xctest; sourceTree = BUILT_PRODUCTS_DIR; };
		55E4AD9F1D598102009B1EB6 /* YJYYAdvertisementDemoTests.m */ = {isa = PBXFileReference; lastKnownFileType = sourcecode.c.objc; path = YJYYAdvertisementDemoTests.m; sourceTree = "<group>"; };
		55E4ADA11D598102009B1EB6 /* Info.plist */ = {isa = PBXFileReference; lastKnownFileType = text.plist.xml; path = Info.plist; sourceTree = "<group>"; };
		55E4ADA61D598102009B1EB6 /* YJYYAdvertisementDemoUITests.xctest */ = {isa = PBXFileReference; explicitFileType = wrapper.cfbundle; includeInIndex = 0; path = YJYYAdvertisementDemoUITests.xctest; sourceTree = BUILT_PRODUCTS_DIR; };
		55E4ADAA1D598102009B1EB6 /* YJYYAdvertisementDemoUITests.m */ = {isa = PBXFileReference; lastKnownFileType = sourcecode.c.objc; path = YJYYAdvertisementDemoUITests.m; sourceTree = "<group>"; };
		55E4ADAC1D598102009B1EB6 /* Info.plist */ = {isa = PBXFileReference; lastKnownFileType = text.plist.xml; path = Info.plist; sourceTree = "<group>"; };
		55E4ADB91D59811B009B1EB6 /* CMAdvertisement.h */ = {isa = PBXFileReference; fileEncoding = 4; lastKnownFileType = sourcecode.c.h; path = CMAdvertisement.h; sourceTree = "<group>"; };
		55E4ADBA1D59811B009B1EB6 /* CMAdvertisement.m */ = {isa = PBXFileReference; fileEncoding = 4; lastKnownFileType = sourcecode.c.objc; path = CMAdvertisement.m; sourceTree = "<group>"; };
		55E4ADBC1D598147009B1EB6 /* YJYYWebViewController.h */ = {isa = PBXFileReference; fileEncoding = 4; lastKnownFileType = sourcecode.c.h; path = YJYYWebViewController.h; sourceTree = "<group>"; };
		55E4ADBD1D598147009B1EB6 /* YJYYWebViewController.m */ = {isa = PBXFileReference; fileEncoding = 4; lastKnownFileType = sourcecode.c.objc; path = YJYYWebViewController.m; sourceTree = "<group>"; };
		55E4ADBF1D59821B009B1EB6 /* ADImage.png */ = {isa = PBXFileReference; lastKnownFileType = image.png; path = ADImage.png; sourceTree = "<group>"; };
/* End PBXFileReference section */

/* Begin PBXFrameworksBuildPhase section */
		55E4AD7F1D598102009B1EB6 /* Frameworks */ = {
			isa = PBXFrameworksBuildPhase;
			buildActionMask = 2147483647;
			files = (
			);
			runOnlyForDeploymentPostprocessing = 0;
		};
		55E4AD981D598102009B1EB6 /* Frameworks */ = {
			isa = PBXFrameworksBuildPhase;
			buildActionMask = 2147483647;
			files = (
			);
			runOnlyForDeploymentPostprocessing = 0;
		};
		55E4ADA31D598102009B1EB6 /* Frameworks */ = {
			isa = PBXFrameworksBuildPhase;
			buildActionMask = 2147483647;
			files = (
			);
			runOnlyForDeploymentPostprocessing = 0;
		};
/* End PBXFrameworksBuildPhase section */

/* Begin PBXGroup section */
		55E4AD791D598102009B1EB6 = {
			isa = PBXGroup;
			children = (
				55E4AD841D598102009B1EB6 /* YJYYAdvertisementDemo */,
				55E4AD9E1D598102009B1EB6 /* YJYYAdvertisementDemoTests */,
				55E4ADA91D598102009B1EB6 /* YJYYAdvertisementDemoUITests */,
				55E4AD831D598102009B1EB6 /* Products */,
			);
			sourceTree = "<group>";
		};
		55E4AD831D598102009B1EB6 /* Products */ = {
			isa = PBXGroup;
			children = (
				55E4AD821D598102009B1EB6 /* YJYYAdvertisementDemo.app */,
				55E4AD9B1D598102009B1EB6 /* YJYYAdvertisementDemoTests.xctest */,
				55E4ADA61D598102009B1EB6 /* YJYYAdvertisementDemoUITests.xctest */,
			);
			name = Products;
			sourceTree = "<group>";
		};
		55E4AD841D598102009B1EB6 /* YJYYAdvertisementDemo */ = {
			isa = PBXGroup;
			children = (
				55E4ADB81D59811B009B1EB6 /* CMAdvertisement_mod */,
				55E4AD881D598102009B1EB6 /* AppDelegate.h */,
				55E4AD891D598102009B1EB6 /* AppDelegate.m */,
				55E4AD8B1D598102009B1EB6 /* ViewController.h */,
				55E4AD8C1D598102009B1EB6 /* ViewController.m */,
				55E4AD8E1D598102009B1EB6 /* Main.storyboard */,
				55E4AD911D598102009B1EB6 /* Assets.xcassets */,
				55E4AD931D598102009B1EB6 /* LaunchScreen.storyboard */,
				55E4AD961D598102009B1EB6 /* Info.plist */,
				55E4AD851D598102009B1EB6 /* Supporting Files */,
			);
			path = YJYYAdvertisementDemo;
			sourceTree = "<group>";
		};
		55E4AD851D598102009B1EB6 /* Supporting Files */ = {
			isa = PBXGroup;
			children = (
				55E4AD861D598102009B1EB6 /* main.m */,
			);
			name = "Supporting Files";
			sourceTree = "<group>";
		};
		55E4AD9E1D598102009B1EB6 /* YJYYAdvertisementDemoTests */ = {
			isa = PBXGroup;
			children = (
				55E4AD9F1D598102009B1EB6 /* YJYYAdvertisementDemoTests.m */,
				55E4ADA11D598102009B1EB6 /* Info.plist */,
			);
			path = YJYYAdvertisementDemoTests;
			sourceTree = "<group>";
		};
		55E4ADA91D598102009B1EB6 /* YJYYAdvertisementDemoUITests */ = {
			isa = PBXGroup;
			children = (
				55E4ADAA1D598102009B1EB6 /* YJYYAdvertisementDemoUITests.m */,
				55E4ADAC1D598102009B1EB6 /* Info.plist */,
			);
			path = YJYYAdvertisementDemoUITests;
			sourceTree = "<group>";
		};
		55E4ADB81D59811B009B1EB6 /* CMAdvertisement_mod */ = {
			isa = PBXGroup;
			children = (
				55E4ADB91D59811B009B1EB6 /* CMAdvertisement.h */,
				55E4ADBA1D59811B009B1EB6 /* CMAdvertisement.m */,
				55E4ADBC1D598147009B1EB6 /* YJYYWebViewController.h */,
				55E4ADBD1D598147009B1EB6 /* YJYYWebViewController.m */,
				55E4ADBF1D59821B009B1EB6 /* ADImage.png */,
			);
			path = CMAdvertisement_mod;
			sourceTree = "<group>";
		};
/* End PBXGroup section */

/* Begin PBXNativeTarget section */
		55E4AD811D598102009B1EB6 /* YJYYAdvertisementDemo */ = {
			isa = PBXNativeTarget;
			buildConfigurationList = 55E4ADAF1D598102009B1EB6 /* Build configuration list for PBXNativeTarget "YJYYAdvertisementDemo" */;
			buildPhases = (
				55E4AD7E1D598102009B1EB6 /* Sources */,
				55E4AD7F1D598102009B1EB6 /* Frameworks */,
				55E4AD801D598102009B1EB6 /* Resources */,
			);
			buildRules = (
			);
			dependencies = (
			);
			name = YJYYAdvertisementDemo;
			productName = YJYYAdvertisementDemo;
			productReference = 55E4AD821D598102009B1EB6 /* YJYYAdvertisementDemo.app */;
			productType = "com.apple.product-type.application";
		};
		55E4AD9A1D598102009B1EB6 /* YJYYAdvertisementDemoTests */ = {
			isa = PBXNativeTarget;
			buildConfigurationList = 55E4ADB21D598102009B1EB6 /* Build configuration list for PBXNativeTarget "YJYYAdvertisementDemoTests" */;
			buildPhases = (
				55E4AD971D598102009B1EB6 /* Sources */,
				55E4AD981D598102009B1EB6 /* Frameworks */,
				55E4AD991D598102009B1EB6 /* Resources */,
			);
			buildRules = (
			);
			dependencies = (
				55E4AD9D1D598102009B1EB6 /* PBXTargetDependency */,
			);
			name = YJYYAdvertisementDemoTests;
			productName = YJYYAdvertisementDemoTests;
			productReference = 55E4AD9B1D598102009B1EB6 /* YJYYAdvertisementDemoTests.xctest */;
			productType = "com.apple.product-type.bundle.unit-test";
		};
		55E4ADA51D598102009B1EB6 /* YJYYAdvertisementDemoUITests */ = {
			isa = PBXNativeTarget;
			buildConfigurationList = 55E4ADB51D598102009B1EB6 /* Build configuration list for PBXNativeTarget "YJYYAdvertisementDemoUITests" */;
			buildPhases = (
				55E4ADA21D598102009B1EB6 /* Sources */,
				55E4ADA31D598102009B1EB6 /* Frameworks */,
				55E4ADA41D598102009B1EB6 /* Resources */,
			);
			buildRules = (
			);
			dependencies = (
				55E4ADA81D598102009B1EB6 /* PBXTargetDependency */,
			);
			name = YJYYAdvertisementDemoUITests;
			productName = YJYYAdvertisementDemoUITests;
			productReference = 55E4ADA61D598102009B1EB6 /* YJYYAdvertisementDemoUITests.xctest */;
			productType = "com.apple.product-type.bundle.ui-testing";
		};
/* End PBXNativeTarget section */

/* Begin PBXProject section */
		55E4AD7A1D598102009B1EB6 /* Project object */ = {
			isa = PBXProject;
			attributes = {
				LastUpgradeCheck = 0720;
				ORGANIZATIONNAME = "遇见远洋";
				TargetAttributes = {
					55E4AD811D598102009B1EB6 = {
						CreatedOnToolsVersion = 7.2.1;
					};
					55E4AD9A1D598102009B1EB6 = {
						CreatedOnToolsVersion = 7.2.1;
						TestTargetID = 55E4AD811D598102009B1EB6;
					};
					55E4ADA51D598102009B1EB6 = {
						CreatedOnToolsVersion = 7.2.1;
						TestTargetID = 55E4AD811D598102009B1EB6;
					};
				};
			};
			buildConfigurationList = 55E4AD7D1D598102009B1EB6 /* Build configuration list for PBXProject "YJYYAdvertisementDemo" */;
			compatibilityVersion = "Xcode 3.2";
			developmentRegion = English;
			hasScannedForEncodings = 0;
			knownRegions = (
				en,
				Base,
			);
			mainGroup = 55E4AD791D598102009B1EB6;
			productRefGroup = 55E4AD831D598102009B1EB6 /* Products */;
			projectDirPath = "";
			projectRoot = "";
			targets = (
				55E4AD811D598102009B1EB6 /* YJYYAdvertisementDemo */,
				55E4AD9A1D598102009B1EB6 /* YJYYAdvertisementDemoTests */,
				55E4ADA51D598102009B1EB6 /* YJYYAdvertisementDemoUITests */,
			);
		};
/* End PBXProject section */

/* Begin PBXResourcesBuildPhase section */
		55E4AD801D598102009B1EB6 /* Resources */ = {
			isa = PBXResourcesBuildPhase;
			buildActionMask = 2147483647;
			files = (
				55E4AD951D598102009B1EB6 /* LaunchScreen.storyboard in Resources */,
				55E4AD921D598102009B1EB6 /* Assets.xcassets in Resources */,
				55E4ADC01D59821B009B1EB6 /* ADImage.png in Resources */,
				55E4AD901D598102009B1EB6 /* Main.storyboard in Resources */,
			);
			runOnlyForDeploymentPostprocessing = 0;
		};
		55E4AD991D598102009B1EB6 /* Resources */ = {
			isa = PBXResourcesBuildPhase;
			buildActionMask = 2147483647;
			files = (
			);
			runOnlyForDeploymentPostprocessing = 0;
		};
		55E4ADA41D598102009B1EB6 /* Resources */ = {
			isa = PBXResourcesBuildPhase;
			buildActionMask = 2147483647;
			files = (
			);
			runOnlyForDeploymentPostprocessing = 0;
		};
/* End PBXResourcesBuildPhase section */

/* Begin PBXSourcesBuildPhase section */
		55E4AD7E1D598102009B1EB6 /* Sources */ = {
			isa = PBXSourcesBuildPhase;
			buildActionMask = 2147483647;
			files = (
				55E4AD8D1D598102009B1EB6 /* ViewController.m in Sources */,
				55E4ADBE1D598147009B1EB6 /* YJYYWebViewController.m in Sources */,
				55E4AD8A1D598102009B1EB6 /* AppDelegate.m in Sources */,
				55E4AD871D598102009B1EB6 /* main.m in Sources */,
				55E4ADBB1D59811B009B1EB6 /* CMAdvertisement.m in Sources */,
			);
			runOnlyForDeploymentPostprocessing = 0;
		};
		55E4AD971D598102009B1EB6 /* Sources */ = {
			isa = PBXSourcesBuildPhase;
			buildActionMask = 2147483647;
			files = (
				55E4ADA01D598102009B1EB6 /* YJYYAdvertisementDemoTests.m in Sources */,
			);
			runOnlyForDeploymentPostprocessing = 0;
		};
		55E4ADA21D598102009B1EB6 /* Sources */ = {
			isa = PBXSourcesBuildPhase;
			buildActionMask = 2147483647;
			files = (
				55E4ADAB1D598102009B1EB6 /* YJYYAdvertisementDemoUITests.m in Sources */,
			);
			runOnlyForDeploymentPostprocessing = 0;
		};
/* End PBXSourcesBuildPhase section */

/* Begin PBXTargetDependency section */
		55E4AD9D1D598102009B1EB6 /* PBXTargetDependency */ = {
			isa = PBXTargetDependency;
			target = 55E4AD811D598102009B1EB6 /* YJYYAdvertisementDemo */;
			targetProxy = 55E4AD9C1D598102009B1EB6 /* PBXContainerItemProxy */;
		};
		55E4ADA81D598102009B1EB6 /* PBXTargetDependency */ = {
			isa = PBXTargetDependency;
			target = 55E4AD811D598102009B1EB6 /* YJYYAdvertisementDemo */;
			targetProxy = 55E4ADA71D598102009B1EB6 /* PBXContainerItemProxy */;
		};
/* End PBXTargetDependency section */

/* Begin PBXVariantGroup section */
		55E4AD8E1D598102009B1EB6 /* Main.storyboard */ = {
			isa = PBXVariantGroup;
			children = (
				55E4AD8F1D598102009B1EB6 /* Base */,
			);
			name = Main.storyboard;
			sourceTree = "<group>";
		};
		55E4AD931D598102009B1EB6 /* LaunchScreen.storyboard */ = {
			isa = PBXVariantGroup;
			children = (
				55E4AD941D598102009B1EB6 /* Base */,
			);
			name = LaunchScreen.storyboard;
			sourceTree = "<group>";
		};
/* End PBXVariantGroup section */

/* Begin XCBuildConfiguration section */
		55E4ADAD1D598102009B1EB6 /* Debug */ = {
			isa = XCBuildConfiguration;
			buildSettings = {
				ALWAYS_SEARCH_USER_PATHS = NO;
				CLANG_CXX_LANGUAGE_STANDARD = "gnu++0x";
				CLANG_CXX_LIBRARY = "libc++";
				CLANG_ENABLE_MODULES = YES;
				CLANG_ENABLE_OBJC_ARC = YES;
				CLANG_WARN_BOOL_CONVERSION = YES;
				CLANG_WARN_CONSTANT_CONVERSION = YES;
				CLANG_WARN_DIRECT_OBJC_ISA_USAGE = YES_ERROR;
				CLANG_WARN_EMPTY_BODY = YES;
				CLANG_WARN_ENUM_CONVERSION = YES;
				CLANG_WARN_INT_CONVERSION = YES;
				CLANG_WARN_OBJC_ROOT_CLASS = YES_ERROR;
				CLANG_WARN_UNREACHABLE_CODE = YES;
				CLANG_WARN__DUPLICATE_METHOD_MATCH = YES;
				"CODE_SIGN_IDENTITY[sdk=iphoneos*]" = "iPhone Developer";
				COPY_PHASE_STRIP = NO;
				DEBUG_INFORMATION_FORMAT = dwarf;
				ENABLE_STRICT_OBJC_MSGSEND = YES;
				ENABLE_TESTABILITY = YES;
				GCC_C_LANGUAGE_STANDARD = gnu99;
				GCC_DYNAMIC_NO_PIC = NO;
				GCC_NO_COMMON_BLOCKS = YES;
				GCC_OPTIMIZATION_LEVEL = 0;
				GCC_PREPROCESSOR_DEFINITIONS = (
					"DEBUG=1",
					"$(inherited)",
				);
				GCC_WARN_64_TO_32_BIT_CONVERSION = YES;
				GCC_WARN_ABOUT_RETURN_TYPE = YES_ERROR;
				GCC_WARN_UNDECLARED_SELECTOR = YES;
				GCC_WARN_UNINITIALIZED_AUTOS = YES_AGGRESSIVE;
				GCC_WARN_UNUSED_FUNCTION = YES;
				GCC_WARN_UNUSED_VARIABLE = YES;
				IPHONEOS_DEPLOYMENT_TARGET = 9.2;
				MTL_ENABLE_DEBUG_INFO = YES;
				ONLY_ACTIVE_ARCH = YES;
				SDKROOT = iphoneos;
				TARGETED_DEVICE_FAMILY = "1,2";
			};
			name = Debug;
		};
		55E4ADAE1D598102009B1EB6 /* Release */ = {
			isa = XCBuildConfiguration;
			buildSettings = {
				ALWAYS_SEARCH_USER_PATHS = NO;
				CLANG_CXX_LANGUAGE_STANDARD = "gnu++0x";
				CLANG_CXX_LIBRARY = "libc++";
				CLANG_ENABLE_MODULES = YES;
				CLANG_ENABLE_OBJC_ARC = YES;
				CLANG_WARN_BOOL_CONVERSION = YES;
				CLANG_WARN_CONSTANT_CONVERSION = YES;
				CLANG_WARN_DIRECT_OBJC_ISA_USAGE = YES_ERROR;
				CLANG_WARN_EMPTY_BODY = YES;
				CLANG_WARN_ENUM_CONVERSION = YES;
				CLANG_WARN_INT_CONVERSION = YES;
				CLANG_WARN_OBJC_ROOT_CLASS = YES_ERROR;
				CLANG_WARN_UNREACHABLE_CODE = YES;
				CLANG_WARN__DUPLICATE_METHOD_MATCH = YES;
				"CODE_SIGN_IDENTITY[sdk=iphoneos*]" = "iPhone Developer";
				COPY_PHASE_STRIP = NO;
				DEBUG_INFORMATION_FORMAT = "dwarf-with-dsym";
				ENABLE_NS_ASSERTIONS = NO;
				ENABLE_STRICT_OBJC_MSGSEND = YES;
				GCC_C_LANGUAGE_STANDARD = gnu99;
				GCC_NO_COMMON_BLOCKS = YES;
				GCC_WARN_64_TO_32_BIT_CONVERSION = YES;
				GCC_WARN_ABOUT_RETURN_TYPE = YES_ERROR;
				GCC_WARN_UNDECLARED_SELECTOR = YES;
				GCC_WARN_UNINITIALIZED_AUTOS = YES_AGGRESSIVE;
				GCC_WARN_UNUSED_FUNCTION = YES;
				GCC_WARN_UNUSED_VARIABLE = YES;
				IPHONEOS_DEPLOYMENT_TARGET = 9.2;
				MTL_ENABLE_DEBUG_INFO = NO;
				SDKROOT = iphoneos;
				TARGETED_DEVICE_FAMILY = "1,2";
				VALIDATE_PRODUCT = YES;
			};
			name = Release;
		};
		55E4ADB01D598102009B1EB6 /* Debug */ = {
			isa = XCBuildConfiguration;
			buildSettings = {
				ASSETCATALOG_COMPILER_APPICON_NAME = AppIcon;
				INFOPLIST_FILE = YJYYAdvertisementDemo/Info.plist;
				LD_RUNPATH_SEARCH_PATHS = "$(inherited) @executable_path/Frameworks";
				PRODUCT_BUNDLE_IDENTIFIER = chemucao.cn.YJYYAdvertisementDemo;
				PRODUCT_NAME = "$(TARGET_NAME)";
			};
			name = Debug;
		};
		55E4ADB11D598102009B1EB6 /* Release */ = {
			isa = XCBuildConfiguration;
			buildSettings = {
				ASSETCATALOG_COMPILER_APPICON_NAME = AppIcon;
				INFOPLIST_FILE = YJYYAdvertisementDemo/Info.plist;
				LD_RUNPATH_SEARCH_PATHS = "$(inherited) @executable_path/Frameworks";
				PRODUCT_BUNDLE_IDENTIFIER = chemucao.cn.YJYYAdvertisementDemo;
				PRODUCT_NAME = "$(TARGET_NAME)";
			};
			name = Release;
		};
		55E4ADB31D598102009B1EB6 /* Debug */ = {
			isa = XCBuildConfiguration;
			buildSettings = {
				BUNDLE_LOADER = "$(TEST_HOST)";
				INFOPLIST_FILE = YJYYAdvertisementDemoTests/Info.plist;
				LD_RUNPATH_SEARCH_PATHS = "$(inherited) @executable_path/Frameworks @loader_path/Frameworks";
				PRODUCT_BUNDLE_IDENTIFIER = chemucao.cn.YJYYAdvertisementDemoTests;
				PRODUCT_NAME = "$(TARGET_NAME)";
				TEST_HOST = "$(BUILT_PRODUCTS_DIR)/YJYYAdvertisementDemo.app/YJYYAdvertisementDemo";
			};
			name = Debug;
		};
		55E4ADB41D598102009B1EB6 /* Release */ = {
			isa = XCBuildConfiguration;
			buildSettings = {
				BUNDLE_LOADER = "$(TEST_HOST)";
				INFOPLIST_FILE = YJYYAdvertisementDemoTests/Info.plist;
				LD_RUNPATH_SEARCH_PATHS = "$(inherited) @executable_path/Frameworks @loader_path/Frameworks";
				PRODUCT_BUNDLE_IDENTIFIER = chemucao.cn.YJYYAdvertisementDemoTests;
				PRODUCT_NAME = "$(TARGET_NAME)";
				TEST_HOST = "$(BUILT_PRODUCTS_DIR)/YJYYAdvertisementDemo.app/YJYYAdvertisementDemo";
			};
			name = Release;
		};
		55E4ADB61D598102009B1EB6 /* Debug */ = {
			isa = XCBuildConfiguration;
			buildSettings = {
				INFOPLIST_FILE = YJYYAdvertisementDemoUITests/Info.plist;
				LD_RUNPATH_SEARCH_PATHS = "$(inherited) @executable_path/Frameworks @loader_path/Frameworks";
				PRODUCT_BUNDLE_IDENTIFIER = chemucao.cn.YJYYAdvertisementDemoUITests;
				PRODUCT_NAME = "$(TARGET_NAME)";
				TEST_TARGET_NAME = YJYYAdvertisementDemo;
				USES_XCTRUNNER = YES;
			};
			name = Debug;
		};
		55E4ADB71D598102009B1EB6 /* Release */ = {
			isa = XCBuildConfiguration;
			buildSettings = {
				INFOPLIST_FILE = YJYYAdvertisementDemoUITests/Info.plist;
				LD_RUNPATH_SEARCH_PATHS = "$(inherited) @executable_path/Frameworks @loader_path/Frameworks";
				PRODUCT_BUNDLE_IDENTIFIER = chemucao.cn.YJYYAdvertisementDemoUITests;
				PRODUCT_NAME = "$(TARGET_NAME)";
				TEST_TARGET_NAME = YJYYAdvertisementDemo;
				USES_XCTRUNNER = YES;
			};
			name = Release;
		};
/* End XCBuildConfiguration section */

/* Begin XCConfigurationList section */
		55E4AD7D1D598102009B1EB6 /* Build configuration list for PBXProject "YJYYAdvertisementDemo" */ = {
			isa = XCConfigurationList;
			buildConfigurations = (
				55E4ADAD1D598102009B1EB6 /* Debug */,
				55E4ADAE1D598102009B1EB6 /* Release */,
			);
			defaultConfigurationIsVisible = 0;
			defaultConfigurationName = Release;
		};
		55E4ADAF1D598102009B1EB6 /* Build configuration list for PBXNativeTarget "YJYYAdvertisementDemo" */ = {
			isa = XCConfigurationList;
			buildConfigurations = (
				55E4ADB01D598102009B1EB6 /* Debug */,
				55E4ADB11D598102009B1EB6 /* Release */,
			);
			defaultConfigurationIsVisible = 0;
		};
		55E4ADB21D598102009B1EB6 /* Build configuration list for PBXNativeTarget "YJYYAdvertisementDemoTests" */ = {
			isa = XCConfigurationList;
			buildConfigurations = (
				55E4ADB31D598102009B1EB6 /* Debug */,
				55E4ADB41D598102009B1EB6 /* Release */,
			);
			defaultConfigurationIsVisible = 0;
		};
		55E4ADB51D598102009B1EB6 /* Build configuration list for PBXNativeTarget "YJYYAdvertisementDemoUITests" */ = {
			isa = XCConfigurationList;
			buildConfigurations = (
				55E4ADB61D598102009B1EB6 /* Debug */,
				55E4ADB71D598102009B1EB6 /* Release */,
			);
			defaultConfigurationIsVisible = 0;
		};
/* End XCConfigurationList section */
	};
	rootObject = 55E4AD7A1D598102009B1EB6 /* Project object */;
}
